{
  "name": "openapi-runtime-expression",
  "version": "0.1.0",
  "lockfileVersion": 2,
  "requires": true,
  "packages": {
    "": {
      "name": "openapi-runtime-expression",
      "version": "0.1.0",
      "license": "Apache-2.0",
      "dependencies": {
        "apg-js": "=4.1.2"
      }
    },
    "node_modules/apg-js": {
      "version": "4.1.2",
      "resolved": "https://registry.npmjs.org/apg-js/-/apg-js-4.1.2.tgz",
      "integrity": "sha512-2OALKUe82NLVPe4NTooom8NykWIa2D7YxO7jG1pgnYWnkfhTUriXpITmLvVD8k8TzDfa9G5O4y8rPe2/uUB1Bg=="
    }
  },
  "dependencies": {
    "apg-js": {
      "version": "4.1.2",
      "resolved": "https://registry.npmjs.org/apg-js/-/apg-js-4.1.2.tgz",
      "integrity": "sha512-2OALKUe82NLVPe4NTooom8NykWIa2D7YxO7jG1pgnYWnkfhTUriXpITmLvVD8k8TzDfa9G5O4y8rPe2/uUB1Bg=="
    }
  }
}
